// !$*UTF8*$!
{
	archiveVersion = 1;
	classes = {
	};
	objectVersion = 50;
	objects = {

/* Begin PBXBuildFile section */
		5D14299659C6B49F0C64455B /* libPods-XZYYCache.a in Frameworks */ = {isa = PBXBuildFile; fileRef = 5A4D7F55BA9A121536EA1401 /* libPods-XZYYCache.a */; };
		9B9C1AC321C11A6900676477 /* AppDelegate.m in Sources */ = {isa = PBXBuildFile; fileRef = 9B9C1AC221C11A6900676477 /* AppDelegate.m */; };
		9B9C1AC621C11A6900676477 /* ViewController.m in Sources */ = {isa = PBXBuildFile; fileRef = 9B9C1AC521C11A6900676477 /* ViewController.m */; };
		9B9C1AC921C11A6900676477 /* Main.storyboard in Resources */ = {isa = PBXBuildFile; fileRef = 9B9C1AC721C11A6900676477 /* Main.storyboard */; };
		9B9C1ACB21C11A7A00676477 /* Assets.xcassets in Resources */ = {isa = PBXBuildFile; fileRef = 9B9C1ACA21C11A7A00676477 /* Assets.xcassets */; };
		9B9C1ACE21C11A7A00676477 /* LaunchScreen.storyboard in Resources */ = {isa = PBXBuildFile; fileRef = 9B9C1ACC21C11A7A00676477 /* LaunchScreen.storyboard */; };
		9B9C1AD121C11A7A00676477 /* main.m in Sources */ = {isa = PBXBuildFile; fileRef = 9B9C1AD021C11A7A00676477 /* main.m */; };
/* End PBXBuildFile section */

/* Begin PBXFileReference section */
		5A4D7F55BA9A121536EA1401 /* libPods-XZYYCache.a */ = {isa = PBXFileReference; explicitFileType = archive.ar; includeInIndex = 0; path = "libPods-XZYYCache.a"; sourceTree = BUILT_PRODUCTS_DIR; };
		9B9C1ABE21C11A6900676477 /* XZYYCache.app */ = {isa = PBXFileReference; explicitFileType = wrapper.application; includeInIndex = 0; path = XZYYCache.app; sourceTree = BUILT_PRODUCTS_DIR; };
		9B9C1AC121C11A6900676477 /* AppDelegate.h */ = {isa = PBXFileReference; lastKnownFileType = sourcecode.c.h; path = AppDelegate.h; sourceTree = "<group>"; };
		9B9C1AC221C11A6900676477 /* AppDelegate.m */ = {isa = PBXFileReference; lastKnownFileType = sourcecode.c.objc; path = AppDelegate.m; sourceTree = "<group>"; };
		9B9C1AC421C11A6900676477 /* ViewController.h */ = {isa = PBXFileReference; lastKnownFileType = sourcecode.c.h; path = ViewController.h; sourceTree = "<group>"; };
		9B9C1AC521C11A6900676477 /* ViewController.m */ = {isa = PBXFileReference; lastKnownFileType = sourcecode.c.objc; path = ViewController.m; sourceTree = "<group>"; };
		9B9C1AC821C11A6900676477 /* Base */ = {isa = PBXFileReference; lastKnownFileType = file.storyboard; name = Base; path = Base.lproj/Main.storyboard; sourceTree = "<group>"; };
		9B9C1ACA21C11A7A00676477 /* Assets.xcassets */ = {isa = PBXFileReference; lastKnownFileType = folder.assetcatalog; path = Assets.xcassets; sourceTree = "<group>"; };
		9B9C1ACD21C11A7A00676477 /* Base */ = {isa = PBXFileReference; lastKnownFileType = file.storyboard; name = Base; path = Base.lproj/LaunchScreen.storyboard; sourceTree = "<group>"; };
		9B9C1ACF21C11A7A00676477 /* Info.plist */ = {isa = PBXFileReference; lastKnownFileType = text.plist.xml; path = Info.plist; sourceTree = "<group>"; };
		9B9C1AD021C11A7A00676477 /* main.m */ = {isa = PBXFileReference; lastKnownFileType = sourcecode.c.objc; path = main.m; sourceTree = "<group>"; };
		AAEE248CA88AC819003178C5 /* Pods-XZYYCache.debug.xcconfig */ = {isa = PBXFileReference; includeInIndex = 1; lastKnownFileType = text.xcconfig; name = "Pods-XZYYCache.debug.xcconfig"; path = "Pods/Target Support Files/Pods-XZYYCache/Pods-XZYYCache.debug.xcconfig"; sourceTree = "<group>"; };
		D5318127034ECD908C8D9FF1 /* Pods-XZYYCache.release.xcconfig */ = {isa = PBXFileReference; includeInIndex = 1; lastKnownFileType = text.xcconfig; name = "Pods-XZYYCache.release.xcconfig"; path = "Pods/Target Support Files/Pods-XZYYCache/Pods-XZYYCache.release.xcconfig"; sourceTree = "<group>"; };
/* End PBXFileReference section */

/* Begin PBXFrameworksBuildPhase section */
		9B9C1ABB21C11A6900676477 /* Frameworks */ = {
			isa = PBXFrameworksBuildPhase;
			buildActionMask = 2147483647;
			files = (
				5D14299659C6B49F0C64455B /* libPods-XZYYCache.a in Frameworks */,
			);
			runOnlyForDeploymentPostprocessing = 0;
		};
/* End PBXFrameworksBuildPhase section */

/* Begin PBXGroup section */
		05DC9D667E8C2FBD5009C7C2 /* Frameworks */ = {
			isa = PBXGroup;
			children = (
				5A4D7F55BA9A121536EA1401 /* libPods-XZYYCache.a */,
			);
			name = Frameworks;
			sourceTree = "<group>";
		};
		9B9C1AB521C11A6900676477 = {
			isa = PBXGroup;
			children = (
				9B9C1AC021C11A6900676477 /* XZYYCache */,
				9B9C1ABF21C11A6900676477 /* Products */,
				9E039E33849F121298BFA27E /* Pods */,
				05DC9D667E8C2FBD5009C7C2 /* Frameworks */,
			);
			sourceTree = "<group>";
		};
		9B9C1ABF21C11A6900676477 /* Products */ = {
			isa = PBXGroup;
			children = (
				9B9C1ABE21C11A6900676477 /* XZYYCache.app */,
			);
			name = Products;
			sourceTree = "<group>";
		};
		9B9C1AC021C11A6900676477 /* XZYYCache */ = {
			isa = PBXGroup;
			children = (
				9B9C1AC121C11A6900676477 /* AppDelegate.h */,
				9B9C1AC221C11A6900676477 /* AppDelegate.m */,
				9B9C1AC421C11A6900676477 /* ViewController.h */,
				9B9C1AC521C11A6900676477 /* ViewController.m */,
				9B9C1AC721C11A6900676477 /* Main.storyboard */,
				9B9C1ACA21C11A7A00676477 /* Assets.xcassets */,
				9B9C1ACC21C11A7A00676477 /* LaunchScreen.storyboard */,
				9B9C1ACF21C11A7A00676477 /* Info.plist */,
				9B9C1AD021C11A7A00676477 /* main.m */,
			);
			path = XZYYCache;
			sourceTree = "<group>";
		};
		9E039E33849F121298BFA27E /* Pods */ = {
			isa = PBXGroup;
			children = (
				AAEE248CA88AC819003178C5 /* Pods-XZYYCache.debug.xcconfig */,
				D5318127034ECD908C8D9FF1 /* Pods-XZYYCache.release.xcconfig */,
			);
			name = Pods;
			sourceTree = "<group>";
		};
/* End PBXGroup section */

/* Begin PBXNativeTarget section */
		9B9C1ABD21C11A6900676477 /* XZYYCache */ = {
			isa = PBXNativeTarget;
			buildConfigurationList = 9B9C1AD421C11A7A00676477 /* Build configuration list for PBXNativeTarget "XZYYCache" */;
			buildPhases = (
				50C43D54D81380A92F898FB8 /* [CP] Check Pods Manifest.lock */,
				9B9C1ABA21C11A6900676477 /* Sources */,
				9B9C1ABB21C11A6900676477 /* Frameworks */,
				9B9C1ABC21C11A6900676477 /* Resources */,
			);
			buildRules = (
			);
			dependencies = (
			);
			name = XZYYCache;
			productName = XZYYCache;
			productReference = 9B9C1ABE21C11A6900676477 /* XZYYCache.app */;
			productType = "com.apple.product-type.application";
		};
/* End PBXNativeTarget section */

/* Begin PBXProject section */
		9B9C1AB621C11A6900676477 /* Project object */ = {
			isa = PBXProject;
			attributes = {
				LastUpgradeCheck = 1010;
				ORGANIZATIONNAME = kkxz;
				TargetAttributes = {
					9B9C1ABD21C11A6900676477 = {
						CreatedOnToolsVersion = 10.1;
					};
				};
			};
			buildConfigurationList = 9B9C1AB921C11A6900676477 /* Build configuration list for PBXProject "XZYYCache" */;
			compatibilityVersion = "Xcode 9.3";
			developmentRegion = en;
			hasScannedForEncodings = 0;
			knownRegions = (
				en,
				Base,
			);
			mainGroup = 9B9C1AB521C11A6900676477;
			productRefGroup = 9B9C1ABF21C11A6900676477 /* Products */;
			projectDirPath = "";
			projectRoot = "";
			targets = (
				9B9C1ABD21C11A6900676477 /* XZYYCache */,
			);
		};
/* End PBXProject section */

/* Begin PBXResourcesBuildPhase section */
		9B9C1ABC21C11A6900676477 /* Resources */ = {
			isa = PBXResourcesBuildPhase;
			buildActionMask = 2147483647;
			files = (
				9B9C1ACE21C11A7A00676477 /* LaunchScreen.storyboard in Resources */,
				9B9C1ACB21C11A7A00676477 /* Assets.xcassets in Resources */,
				9B9C1AC921C11A6900676477 /* Main.storyboard in Resources */,
			);
			runOnlyForDeploymentPostprocessing = 0;
		};
/* End PBXResourcesBuildPhase section */

/* Begin PBXShellScriptBuildPhase section */
		50C43D54D81380A92F898FB8 /* [CP] Check Pods Manifest.lock */ = {
			isa = PBXShellScriptBuildPhase;
			buildActionMask = 2147483647;
			files = (
			);
			inputFileListPaths = (
			);
			inputPaths = (
				"${PODS_PODFILE_DIR_PATH}/Podfile.lock",
				"${PODS_ROOT}/Manifest.lock",
			);
			name = "[CP] Check Pods Manifest.lock";
			outputFileListPaths = (
			);
			outputPaths = (
				"$(DERIVED_FILE_DIR)/Pods-XZYYCache-checkManifestLockResult.txt",
			);
			runOnlyForDeploymentPostprocessing = 0;
			shellPath = /bin/sh;
			shellScript = "diff \"${PODS_PODFILE_DIR_PATH}/Podfile.lock\" \"${PODS_ROOT}/Manifest.lock\" > /dev/null\nif [ $? != 0 ] ; then\n    # print error to STDERR\n    echo \"error: The sandbox is not in sync with the Podfile.lock. Run 'pod install' or update your CocoaPods installation.\" >&2\n    exit 1\nfi\n# This output is used by Xcode 'outputs' to avoid re-running this script phase.\necho \"SUCCESS\" > \"${SCRIPT_OUTPUT_FILE_0}\"\n";
			showEnvVarsInLog = 0;
		};
/* End PBXShellScriptBuildPhase section */

/* Begin PBXSourcesBuildPhase section */
		9B9C1ABA21C11A6900676477 /* Sources */ = {
			isa = PBXSourcesBuildPhase;
			buildActionMask = 2147483647;
			files = (
				9B9C1AC621C11A6900676477 /* ViewController.m in Sources */,
				9B9C1AD121C11A7A00676477 /* main.m in Sources */,
				9B9C1AC321C11A6900676477 /* AppDelegate.m in Sources */,
			);
			runOnlyForDeploymentPostprocessing = 0;
		};
/* End PBXSourcesBuildPhase section */

/* Begin PBXVariantGroup section */
		9B9C1AC721C11A6900676477 /* Main.storyboard */ = {
			isa = PBXVariantGroup;
			children = (
				9B9C1AC821C11A6900676477 /* Base */,
			);
			name = Main.storyboard;
			sourceTree = "<group>";
		};
		9B9C1ACC21C11A7A00676477 /* LaunchScreen.storyboard */ = {
			isa = PBXVariantGroup;
			children = (
				9B9C1ACD21C11A7A00676477 /* Base */,
			);
			name = LaunchScreen.storyboard;
			sourceTree = "<group>";
		};
/* End PBXVariantGroup section */

/* Begin XCBuildConfiguration section */
		9B9C1AD221C11A7A00676477 /* Debug */ = {
			isa = XCBuildConfiguration;
			buildSettings = {
				ALWAYS_SEARCH_USER_PATHS = NO;
				CLANG_ANALYZER_NONNULL = YES;
				CLANG_ANALYZER_NUMBER_OBJECT_CONVERSION = YES_AGGRESSIVE;
				CLANG_CXX_LANGUAGE_STANDARD = "gnu++14";
				CLANG_CXX_LIBRARY = "libc++";
				CLANG_ENABLE_MODULES = YES;
				CLANG_ENABLE_OBJC_ARC = YES;
				CLANG_ENABLE_OBJC_WEAK = YES;
				CLANG_WARN_BLOCK_CAPTURE_AUTORELEASING = YES;
				CLANG_WARN_BOOL_CONVERSION = YES;
				CLANG_WARN_COMMA = YES;
				CLANG_WARN_CONSTANT_CONVERSION = YES;
				CLANG_WARN_DEPRECATED_OBJC_IMPLEMENTATIONS = YES;
				CLANG_WARN_DIRECT_OBJC_ISA_USAGE = YES_ERROR;
				CLANG_WARN_DOCUMENTATION_COMMENTS = YES;
				CLANG_WARN_EMPTY_BODY = YES;
				CLANG_WARN_ENUM_CONVERSION = YES;
				CLANG_WARN_INFINITE_RECURSION = YES;
				CLANG_WARN_INT_CONVERSION = YES;
				CLANG_WARN_NON_LITERAL_NULL_CONVERSION = YES;
				CLANG_WARN_OBJC_IMPLICIT_RETAIN_SELF = YES;
				CLANG_WARN_OBJC_LITERAL_CONVERSION = YES;
				CLANG_WARN_OBJC_ROOT_CLASS = YES_ERROR;
				CLANG_WARN_RANGE_LOOP_ANALYSIS = YES;
				CLANG_WARN_STRICT_PROTOTYPES = YES;
				CLANG_WARN_SUSPICIOUS_MOVE = YES;
				CLANG_WARN_UNGUARDED_AVAILABILITY = YES_AGGRESSIVE;
				CLANG_WARN_UNREACHABLE_CODE = YES;
				CLANG_WARN__DUPLICATE_METHOD_MATCH = YES;
				CODE_SIGN_IDENTITY = "iPhone Developer";
				COPY_PHASE_STRIP = NO;
				DEBUG_INFORMATION_FORMAT = dwarf;
				ENABLE_STRICT_OBJC_MSGSEND = YES;
				ENABLE_TESTABILITY = YES;
				GCC_C_LANGUAGE_STANDARD = gnu11;
				GCC_DYNAMIC_NO_PIC = NO;
				GCC_NO_COMMON_BLOCKS = YES;
				GCC_OPTIMIZATION_LEVEL = 0;
				GCC_PREPROCESSOR_DEFINITIONS = (
					"DEBUG=1",
					"$(inherited)",
				);
				GCC_WARN_64_TO_32_BIT_CONVERSION = YES;
				GCC_WARN_ABOUT_RETURN_TYPE = YES_ERROR;
				GCC_WARN_UNDECLARED_SELECTOR = YES;
				GCC_WARN_UNINITIALIZED_AUTOS = YES_AGGRESSIVE;
				GCC_WARN_UNUSED_FUNCTION = YES;
				GCC_WARN_UNUSED_VARIABLE = YES;
				IPHONEOS_DEPLOYMENT_TARGET = 12.1;
				MTL_ENABLE_DEBUG_INFO = INCLUDE_SOURCE;
				MTL_FAST_MATH = YES;
				ONLY_ACTIVE_ARCH = YES;
				SDKROOT = iphoneos;
			};
			name = Debug;
		};
		9B9C1AD321C11A7A00676477 /* Release */ = {
			isa = XCBuildConfiguration;
			buildSettings = {
				ALWAYS_SEARCH_USER_PATHS = NO;
				CLANG_ANALYZER_NONNULL = YES;
				CLANG_ANALYZER_NUMBER_OBJECT_CONVERSION = YES_AGGRESSIVE;
				CLANG_CXX_LANGUAGE_STANDARD = "gnu++14";
				CLANG_CXX_LIBRARY = "libc++";
				CLANG_ENABLE_MODULES = YES;
				CLANG_ENABLE_OBJC_ARC = YES;
				CLANG_ENABLE_OBJC_WEAK = YES;
				CLANG_WARN_BLOCK_CAPTURE_AUTORELEASING = YES;
				CLANG_WARN_BOOL_CONVERSION = YES;
				CLANG_WARN_COMMA = YES;
				CLANG_WARN_CONSTANT_CONVERSION = YES;
				CLANG_WARN_DEPRECATED_OBJC_IMPLEMENTATIONS = YES;
				CLANG_WARN_DIRECT_OBJC_ISA_USAGE = YES_ERROR;
				CLANG_WARN_DOCUMENTATION_COMMENTS = YES;
				CLANG_WARN_EMPTY_BODY = YES;
				CLANG_WARN_ENUM_CONVERSION = YES;
				CLANG_WARN_INFINITE_RECURSION = YES;
				CLANG_WARN_INT_CONVERSION = YES;
				CLANG_WARN_NON_LITERAL_NULL_CONVERSION = YES;
				CLANG_WARN_OBJC_IMPLICIT_RETAIN_SELF = YES;
				CLANG_WARN_OBJC_LITERAL_CONVERSION = YES;
				CLANG_WARN_OBJC_ROOT_CLASS = YES_ERROR;
				CLANG_WARN_RANGE_LOOP_ANALYSIS = YES;
				CLANG_WARN_STRICT_PROTOTYPES = YES;
				CLANG_WARN_SUSPICIOUS_MOVE = YES;
				CLANG_WARN_UNGUARDED_AVAILABILITY = YES_AGGRESSIVE;
				CLANG_WARN_UNREACHABLE_CODE = YES;
				CLANG_WARN__DUPLICATE_METHOD_MATCH = YES;
				CODE_SIGN_IDENTITY = "iPhone Developer";
				COPY_PHASE_STRIP = NO;
				DEBUG_INFORMATION_FORMAT = "dwarf-with-dsym";
				ENABLE_NS_ASSERTIONS = NO;
				ENABLE_STRICT_OBJC_MSGSEND = YES;
				GCC_C_LANGUAGE_STANDARD = gnu11;
				GCC_NO_COMMON_BLOCKS = YES;
				GCC_WARN_64_TO_32_BIT_CONVERSION = YES;
				GCC_WARN_ABOUT_RETURN_TYPE = YES_ERROR;
				GCC_WARN_UNDECLARED_SELECTOR = YES;
				GCC_WARN_UNINITIALIZED_AUTOS = YES_AGGRESSIVE;
				GCC_WARN_UNUSED_FUNCTION = YES;
				GCC_WARN_UNUSED_VARIABLE = YES;
				IPHONEOS_DEPLOYMENT_TARGET = 12.1;
				MTL_ENABLE_DEBUG_INFO = NO;
				MTL_FAST_MATH = YES;
				SDKROOT = iphoneos;
				VALIDATE_PRODUCT = YES;
			};
			name = Release;
		};
		9B9C1AD521C11A7A00676477 /* Debug */ = {
			isa = XCBuildConfiguration;
			baseConfigurationReference = AAEE248CA88AC819003178C5 /* Pods-XZYYCache.debug.xcconfig */;
			buildSettings = {
				ASSETCATALOG_COMPILER_APPICON_NAME = AppIcon;
				CODE_SIGN_STYLE = Automatic;
				DEVELOPMENT_TEAM = D225N2EYEE;
				INFOPLIST_FILE = XZYYCache/Info.plist;
				LD_RUNPATH_SEARCH_PATHS = (
					"$(inherited)",
					"@executable_path/Frameworks",
				);
				PRODUCT_BUNDLE_IDENTIFIER = luckincoffee.XZYYCache;
				PRODUCT_NAME = "$(TARGET_NAME)";
				TARGETED_DEVICE_FAMILY = "1,2";
			};
			name = Debug;
		};
		9B9C1AD621C11A7A00676477 /* Release */ = {
			isa = XCBuildConfiguration;
			baseConfigurationReference = D5318127034ECD908C8D9FF1 /* Pods-XZYYCache.release.xcconfig */;
			buildSettings = {
				ASSETCATALOG_COMPILER_APPICON_NAME = AppIcon;
				CODE_SIGN_STYLE = Automatic;
				DEVELOPMENT_TEAM = D225N2EYEE;
				INFOPLIST_FILE = XZYYCache/Info.plist;
				LD_RUNPATH_SEARCH_PATHS = (
					"$(inherited)",
					"@executable_path/Frameworks",
				);
				PRODUCT_BUNDLE_IDENTIFIER = luckincoffee.XZYYCache;
				PRODUCT_NAME = "$(TARGET_NAME)";
				TARGETED_DEVICE_FAMILY = "1,2";
			};
			name = Release;
		};
/* End XCBuildConfiguration section */

/* Begin XCConfigurationList section */
		9B9C1AB921C11A6900676477 /* Build configuration list for PBXProject "XZYYCache" */ = {
			isa = XCConfigurationList;
			buildConfigurations = (
				9B9C1AD221C11A7A00676477 /* Debug */,
				9B9C1AD321C11A7A00676477 /* Release */,
			);
			defaultConfigurationIsVisible = 0;
			defaultConfigurationName = Release;
		};
		9B9C1AD421C11A7A00676477 /* Build configuration list for PBXNativeTarget "XZYYCache" */ = {
			isa = XCConfigurationList;
			buildConfigurations = (
				9B9C1AD521C11A7A00676477 /* Debug */,
				9B9C1AD621C11A7A00676477 /* Release */,
			);
			defaultConfigurationIsVisible = 0;
			defaultConfigurationName = Release;
		};
/* End XCConfigurationList section */
	};
	rootObject = 9B9C1AB621C11A6900676477 /* Project object */;
}
